
Microsoft Visual Studio Solution File, Format Version 12.00
# Visual Studio Version 17
VisualStudioVersion = 17.13.35931.197
MinimumVisualStudioVersion = 10.0.40219.1
Project("{9A19103F-16F7-4668-BE54-9A1E7A4F7556}") = "NevisX", "NevisX\NevisX.csproj", "{B1B4A7F6-6024-457B-8961-38A0839D4A54}"
EndProject
Project("{FAE04EC0-301F-11D3-BF4B-00C04F79EFBC}") = "Borks", "..\..\BorkLib\src\cs\Borks\Borks.csproj", "{A8618667-2084-8593-A146-02597363B25F}"
EndProject
Project("{FAE04EC0-301F-11D3-BF4B-00C04F79EFBC}") = "Borks.IO", "..\..\BorkLib\src\cs\Borks.IO\Borks.IO.csproj", "{F2431854-3AD8-29E1-1CC3-29D1DD5239B9}"
EndProject
Project("{FAE04EC0-301F-11D3-BF4B-00C04F79EFBC}") = "Borks.IO.ProcessInterop", "..\..\BorkLib\src\cs\Borks.IO.ProcessInterop\Borks.IO.ProcessInterop.csproj", "{A54EF0BD-93F5-C6D4-A80C-8195B1584463}"
EndProject
Global
	GlobalSection(SolutionConfigurationPlatforms) = preSolution
		Debug|Any CPU = Debug|Any CPU
		Release|Any CPU = Release|Any CPU
	EndGlobalSection
	GlobalSection(ProjectConfigurationPlatforms) = postSolution
		{B1B4A7F6-6024-457B-8961-38A0839D4A54}.Debug|Any CPU.ActiveCfg = Debug|Any CPU
		{B1B4A7F6-6024-457B-8961-38A0839D4A54}.Debug|Any CPU.Build.0 = Debug|Any CPU
		{B1B4A7F6-6024-457B-8961-38A0839D4A54}.Release|Any CPU.ActiveCfg = Release|Any CPU
		{B1B4A7F6-6024-457B-8961-38A0839D4A54}.Release|Any CPU.Build.0 = Release|Any CPU
		{A8618667-2084-8593-A146-02597363B25F}.Debug|Any CPU.ActiveCfg = Debug|Any CPU
		{A8618667-2084-8593-A146-02597363B25F}.Debug|Any CPU.Build.0 = Debug|Any CPU
		{A8618667-2084-8593-A146-02597363B25F}.Release|Any CPU.ActiveCfg = Release|Any CPU
		{A8618667-2084-8593-A146-02597363B25F}.Release|Any CPU.Build.0 = Release|Any CPU
		{F2431854-3AD8-29E1-1CC3-29D1DD5239B9}.Debug|Any CPU.ActiveCfg = Debug|Any CPU
		{F2431854-3AD8-29E1-1CC3-29D1DD5239B9}.Debug|Any CPU.Build.0 = Debug|Any CPU
		{F2431854-3AD8-29E1-1CC3-29D1DD5239B9}.Release|Any CPU.ActiveCfg = Release|Any CPU
		{F2431854-3AD8-29E1-1CC3-29D1DD5239B9}.Release|Any CPU.Build.0 = Release|Any CPU
		{A54EF0BD-93F5-C6D4-A80C-8195B1584463}.Debug|Any CPU.ActiveCfg = Debug|Any CPU
		{A54EF0BD-93F5-C6D4-A80C-8195B1584463}.Debug|Any CPU.Build.0 = Debug|Any CPU
		{A54EF0BD-93F5-C6D4-A80C-8195B1584463}.Release|Any CPU.ActiveCfg = Release|Any CPU
		{A54EF0BD-93F5-C6D4-A80C-8195B1584463}.Release|Any CPU.Build.0 = Release|Any CPU
	EndGlobalSection
	GlobalSection(SolutionProperties) = preSolution
		HideSolutionNode = FALSE
	EndGlobalSection
	GlobalSection(ExtensibilityGlobals) = postSolution
		SolutionGuid = {60EA4E24-3A45-4572-9B44-78D537BCF8D9}
	EndGlobalSection
EndGlobal
